// !$*UTF8*$!
{
	archiveVersion = 1;
	classes = {
	};
	objectVersion = 50;
	objects = {

/* Begin PBXBuildFile section */
		36C922B28B546DB25E360D64 /* Pods_ParstagramUITests.framework in Frameworks */ = {isa = PBXBuildFile; fileRef = EBF0D00351AFE1A2794CB247 /* Pods_ParstagramUITests.framework */; };
		565F296ABD6A266539370AA0 /* Pods_Parstagram.framework in Frameworks */ = {isa = PBXBuildFile; fileRef = D928FDB4D1A2633353C440F3 /* Pods_Parstagram.framework */; };
		9BB17506E601378C81C4D947 /* Pods_ParstagramTests.framework in Frameworks */ = {isa = PBXBuildFile; fileRef = 4D283CF81D66DA14531CC471 /* Pods_ParstagramTests.framework */; };
		C28DE4F12234466B00E28C9F /* AppDelegate.swift in Sources */ = {isa = PBXBuildFile; fileRef = C28DE4F02234466B00E28C9F /* AppDelegate.swift */; };
		C28DE4F62234466B00E28C9F /* Main.storyboard in Resources */ = {isa = PBXBuildFile; fileRef = C28DE4F42234466B00E28C9F /* Main.storyboard */; };
		C28DE4F82234466E00E28C9F /* Assets.xcassets in Resources */ = {isa = PBXBuildFile; fileRef = C28DE4F72234466E00E28C9F /* Assets.xcassets */; };
		C28DE4FB2234466E00E28C9F /* LaunchScreen.storyboard in Resources */ = {isa = PBXBuildFile; fileRef = C28DE4F92234466E00E28C9F /* LaunchScreen.storyboard */; };
		C28DE5062234466E00E28C9F /* ParstagramTests.swift in Sources */ = {isa = PBXBuildFile; fileRef = C28DE5052234466E00E28C9F /* ParstagramTests.swift */; };
		C28DE5112234466E00E28C9F /* ParstagramUITests.swift in Sources */ = {isa = PBXBuildFile; fileRef = C28DE5102234466E00E28C9F /* ParstagramUITests.swift */; };
		C28DE51F2234573100E28C9F /* LoginViewController.swift in Sources */ = {isa = PBXBuildFile; fileRef = C28DE51E2234573100E28C9F /* LoginViewController.swift */; };
		C28DE5212234573900E28C9F /* HomeFeedViewController.swift in Sources */ = {isa = PBXBuildFile; fileRef = C28DE5202234573900E28C9F /* HomeFeedViewController.swift */; };
		C28DE5232234933000E28C9F /* PostViewController.swift in Sources */ = {isa = PBXBuildFile; fileRef = C28DE5222234933000E28C9F /* PostViewController.swift */; };
		C28DE5252234AA8D00E28C9F /* PostCell.swift in Sources */ = {isa = PBXBuildFile; fileRef = C28DE5242234AA8D00E28C9F /* PostCell.swift */; };
/* End PBXBuildFile section */

/* Begin PBXContainerItemProxy section */
		C28DE5022234466E00E28C9F /* PBXContainerItemProxy */ = {
			isa = PBXContainerItemProxy;
			containerPortal = C28DE4E52234466B00E28C9F /* Project object */;
			proxyType = 1;
			remoteGlobalIDString = C28DE4EC2234466B00E28C9F;
			remoteInfo = Parstagram;
		};
		C28DE50D2234466E00E28C9F /* PBXContainerItemProxy */ = {
			isa = PBXContainerItemProxy;
			containerPortal = C28DE4E52234466B00E28C9F /* Project object */;
			proxyType = 1;
			remoteGlobalIDString = C28DE4EC2234466B00E28C9F;
			remoteInfo = Parstagram;
		};
/* End PBXContainerItemProxy section */

/* Begin PBXFileReference section */
		0F691020944819BCF308B0E4 /* Pods-ParstagramTests.debug.xcconfig */ = {isa = PBXFileReference; includeInIndex = 1; lastKnownFileType = text.xcconfig; name = "Pods-ParstagramTests.debug.xcconfig"; path = "Pods/Target Support Files/Pods-ParstagramTests/Pods-ParstagramTests.debug.xcconfig"; sourceTree = "<group>"; };
		32EB6097497B20872F69EE77 /* Pods-ParstagramTests.release.xcconfig */ = {isa = PBXFileReference; includeInIndex = 1; lastKnownFileType = text.xcconfig; name = "Pods-ParstagramTests.release.xcconfig"; path = "Pods/Target Support Files/Pods-ParstagramTests/Pods-ParstagramTests.release.xcconfig"; sourceTree = "<group>"; };
		4D1715EA2DE3FA4A78544704 /* Pods-Parstagram.debug.xcconfig */ = {isa = PBXFileReference; includeInIndex = 1; lastKnownFileType = text.xcconfig; name = "Pods-Parstagram.debug.xcconfig"; path = "Pods/Target Support Files/Pods-Parstagram/Pods-Parstagram.debug.xcconfig"; sourceTree = "<group>"; };
		4D283CF81D66DA14531CC471 /* Pods_ParstagramTests.framework */ = {isa = PBXFileReference; explicitFileType = wrapper.framework; includeInIndex = 0; path = Pods_ParstagramTests.framework; sourceTree = BUILT_PRODUCTS_DIR; };
		64173C7DD1199D72A7B6FCAA /* Pods-ParstagramUITests.release.xcconfig */ = {isa = PBXFileReference; includeInIndex = 1; lastKnownFileType = text.xcconfig; name = "Pods-ParstagramUITests.release.xcconfig"; path = "Pods/Target Support Files/Pods-ParstagramUITests/Pods-ParstagramUITests.release.xcconfig"; sourceTree = "<group>"; };
		C28DE4ED2234466B00E28C9F /* Parstagram.app */ = {isa = PBXFileReference; explicitFileType = wrapper.application; includeInIndex = 0; path = Parstagram.app; sourceTree = BUILT_PRODUCTS_DIR; };
		C28DE4F02234466B00E28C9F /* AppDelegate.swift */ = {isa = PBXFileReference; lastKnownFileType = sourcecode.swift; path = AppDelegate.swift; sourceTree = "<group>"; };
		C28DE4F52234466B00E28C9F /* Base */ = {isa = PBXFileReference; lastKnownFileType = file.storyboard; name = Base; path = Base.lproj/Main.storyboard; sourceTree = "<group>"; };
		C28DE4F72234466E00E28C9F /* Assets.xcassets */ = {isa = PBXFileReference; lastKnownFileType = folder.assetcatalog; path = Assets.xcassets; sourceTree = "<group>"; };
		C28DE4FA2234466E00E28C9F /* Base */ = {isa = PBXFileReference; lastKnownFileType = file.storyboard; name = Base; path = Base.lproj/LaunchScreen.storyboard; sourceTree = "<group>"; };
		C28DE4FC2234466E00E28C9F /* Info.plist */ = {isa = PBXFileReference; lastKnownFileType = text.plist.xml; path = Info.plist; sourceTree = "<group>"; };
		C28DE5012234466E00E28C9F /* ParstagramTests.xctest */ = {isa = PBXFileReference; explicitFileType = wrapper.cfbundle; includeInIndex = 0; path = ParstagramTests.xctest; sourceTree = BUILT_PRODUCTS_DIR; };
		C28DE5052234466E00E28C9F /* ParstagramTests.swift */ = {isa = PBXFileReference; lastKnownFileType = sourcecode.swift; path = ParstagramTests.swift; sourceTree = "<group>"; };
		C28DE5072234466E00E28C9F /* Info.plist */ = {isa = PBXFileReference; lastKnownFileType = text.plist.xml; path = Info.plist; sourceTree = "<group>"; };
		C28DE50C2234466E00E28C9F /* ParstagramUITests.xctest */ = {isa = PBXFileReference; explicitFileType = wrapper.cfbundle; includeInIndex = 0; path = ParstagramUITests.xctest; sourceTree = BUILT_PRODUCTS_DIR; };
		C28DE5102234466E00E28C9F /* ParstagramUITests.swift */ = {isa = PBXFileReference; lastKnownFileType = sourcecode.swift; path = ParstagramUITests.swift; sourceTree = "<group>"; };
		C28DE5122234466E00E28C9F /* Info.plist */ = {isa = PBXFileReference; lastKnownFileType = text.plist.xml; path = Info.plist; sourceTree = "<group>"; };
		C28DE51E2234573100E28C9F /* LoginViewController.swift */ = {isa = PBXFileReference; lastKnownFileType = sourcecode.swift; path = LoginViewController.swift; sourceTree = "<group>"; };
		C28DE5202234573900E28C9F /* HomeFeedViewController.swift */ = {isa = PBXFileReference; lastKnownFileType = sourcecode.swift; path = HomeFeedViewController.swift; sourceTree = "<group>"; };
		C28DE5222234933000E28C9F /* PostViewController.swift */ = {isa = PBXFileReference; lastKnownFileType = sourcecode.swift; path = PostViewController.swift; sourceTree = "<group>"; };
		C28DE5242234AA8D00E28C9F /* PostCell.swift */ = {isa = PBXFileReference; lastKnownFileType = sourcecode.swift; path = PostCell.swift; sourceTree = "<group>"; };
		D7E91B4ADA31CC80C7731566 /* Pods-ParstagramUITests.debug.xcconfig */ = {isa = PBXFileReference; includeInIndex = 1; lastKnownFileType = text.xcconfig; name = "Pods-ParstagramUITests.debug.xcconfig"; path = "Pods/Target Support Files/Pods-ParstagramUITests/Pods-ParstagramUITests.debug.xcconfig"; sourceTree = "<group>"; };
		D928FDB4D1A2633353C440F3 /* Pods_Parstagram.framework */ = {isa = PBXFileReference; explicitFileType = wrapper.framework; includeInIndex = 0; path = Pods_Parstagram.framework; sourceTree = BUILT_PRODUCTS_DIR; };
		EBF0D00351AFE1A2794CB247 /* Pods_ParstagramUITests.framework */ = {isa = PBXFileReference; explicitFileType = wrapper.framework; includeInIndex = 0; path = Pods_ParstagramUITests.framework; sourceTree = BUILT_PRODUCTS_DIR; };
		EE4A4D5C213BE34C2FC26EB5 /* Pods-Parstagram.release.xcconfig */ = {isa = PBXFileReference; includeInIndex = 1; lastKnownFileType = text.xcconfig; name = "Pods-Parstagram.release.xcconfig"; path = "Pods/Target Support Files/Pods-Parstagram/Pods-Parstagram.release.xcconfig"; sourceTree = "<group>"; };
/* End PBXFileReference section */

/* Begin PBXFrameworksBuildPhase section */
		C28DE4EA2234466B00E28C9F /* Frameworks */ = {
			isa = PBXFrameworksBuildPhase;
			buildActionMask = 2147483647;
			files = (
				565F296ABD6A266539370AA0 /* Pods_Parstagram.framework in Frameworks */,
			);
			runOnlyForDeploymentPostprocessing = 0;
		};
		C28DE4FE2234466E00E28C9F /* Frameworks */ = {
			isa = PBXFrameworksBuildPhase;
			buildActionMask = 2147483647;
			files = (
				9BB17506E601378C81C4D947 /* Pods_ParstagramTests.framework in Frameworks */,
			);
			runOnlyForDeploymentPostprocessing = 0;
		};
		C28DE5092234466E00E28C9F /* Frameworks */ = {
			isa = PBXFrameworksBuildPhase;
			buildActionMask = 2147483647;
			files = (
				36C922B28B546DB25E360D64 /* Pods_ParstagramUITests.framework in Frameworks */,
			);
			runOnlyForDeploymentPostprocessing = 0;
		};
/* End PBXFrameworksBuildPhase section */

/* Begin PBXGroup section */
		87FB015A6E176B9840752C9F /* Frameworks */ = {
			isa = PBXGroup;
			children = (
				D928FDB4D1A2633353C440F3 /* Pods_Parstagram.framework */,
				4D283CF81D66DA14531CC471 /* Pods_ParstagramTests.framework */,
				EBF0D00351AFE1A2794CB247 /* Pods_ParstagramUITests.framework */,
			);
			name = Frameworks;
			sourceTree = "<group>";
		};
		C28DE4E42234466B00E28C9F = {
			isa = PBXGroup;
			children = (
				C28DE4EF2234466B00E28C9F /* Parstagram */,
				C28DE5042234466E00E28C9F /* ParstagramTests */,
				C28DE50F2234466E00E28C9F /* ParstagramUITests */,
				C28DE4EE2234466B00E28C9F /* Products */,
				CDD1AB2B02517827C8592F48 /* Pods */,
				87FB015A6E176B9840752C9F /* Frameworks */,
			);
			sourceTree = "<group>";
		};
		C28DE4EE2234466B00E28C9F /* Products */ = {
			isa = PBXGroup;
			children = (
				C28DE4ED2234466B00E28C9F /* Parstagram.app */,
				C28DE5012234466E00E28C9F /* ParstagramTests.xctest */,
				C28DE50C2234466E00E28C9F /* ParstagramUITests.xctest */,
			);
			name = Products;
			sourceTree = "<group>";
		};
		C28DE4EF2234466B00E28C9F /* Parstagram */ = {
			isa = PBXGroup;
			children = (
				C28DE4F02234466B00E28C9F /* AppDelegate.swift */,
				C28DE4F42234466B00E28C9F /* Main.storyboard */,
				C28DE4F72234466E00E28C9F /* Assets.xcassets */,
				C28DE4F92234466E00E28C9F /* LaunchScreen.storyboard */,
				C28DE4FC2234466E00E28C9F /* Info.plist */,
				C28DE51E2234573100E28C9F /* LoginViewController.swift */,
				C28DE5202234573900E28C9F /* HomeFeedViewController.swift */,
				C28DE5222234933000E28C9F /* PostViewController.swift */,
				C28DE5242234AA8D00E28C9F /* PostCell.swift */,
			);
			path = Parstagram;
			sourceTree = "<group>";
		};
		C28DE5042234466E00E28C9F /* ParstagramTests */ = {
			isa = PBXGroup;
			children = (
				C28DE5052234466E00E28C9F /* ParstagramTests.swift */,
				C28DE5072234466E00E28C9F /* Info.plist */,
			);
			path = ParstagramTests;
			sourceTree = "<group>";
		};
		C28DE50F2234466E00E28C9F /* ParstagramUITests */ = {
			isa = PBXGroup;
			children = (
				C28DE5102234466E00E28C9F /* ParstagramUITests.swift */,
				C28DE5122234466E00E28C9F /* Info.plist */,
			);
			path = ParstagramUITests;
			sourceTree = "<group>";
		};
		CDD1AB2B02517827C8592F48 /* Pods */ = {
			isa = PBXGroup;
			children = (
				4D1715EA2DE3FA4A78544704 /* Pods-Parstagram.debug.xcconfig */,
				EE4A4D5C213BE34C2FC26EB5 /* Pods-Parstagram.release.xcconfig */,
				0F691020944819BCF308B0E4 /* Pods-ParstagramTests.debug.xcconfig */,
				32EB6097497B20872F69EE77 /* Pods-ParstagramTests.release.xcconfig */,
				D7E91B4ADA31CC80C7731566 /* Pods-ParstagramUITests.debug.xcconfig */,
				64173C7DD1199D72A7B6FCAA /* Pods-ParstagramUITests.release.xcconfig */,
			);
			name = Pods;
			sourceTree = "<group>";
		};
/* End PBXGroup section */

/* Begin PBXNativeTarget section */
		C28DE4EC2234466B00E28C9F /* Parstagram */ = {
			isa = PBXNativeTarget;
			buildConfigurationList = C28DE5152234466E00E28C9F /* Build configuration list for PBXNativeTarget "Parstagram" */;
			buildPhases = (
				BB341FD304907A961B4FE30C /* [CP] Check Pods Manifest.lock */,
				C28DE4E92234466B00E28C9F /* Sources */,
				C28DE4EA2234466B00E28C9F /* Frameworks */,
				C28DE4EB2234466B00E28C9F /* Resources */,
				38EE3F5FAEA1A57D74C3312E /* [CP] Embed Pods Frameworks */,
			);
			buildRules = (
			);
			dependencies = (
			);
			name = Parstagram;
			productName = Parstagram;
			productReference = C28DE4ED2234466B00E28C9F /* Parstagram.app */;
			productType = "com.apple.product-type.application";
		};
		C28DE5002234466E00E28C9F /* ParstagramTests */ = {
			isa = PBXNativeTarget;
			buildConfigurationList = C28DE5182234466E00E28C9F /* Build configuration list for PBXNativeTarget "ParstagramTests" */;
			buildPhases = (
				68C6433CEDCFCC739ECF739B /* [CP] Check Pods Manifest.lock */,
				C28DE4FD2234466E00E28C9F /* Sources */,
				C28DE4FE2234466E00E28C9F /* Frameworks */,
				C28DE4FF2234466E00E28C9F /* Resources */,
			);
			buildRules = (
			);
			dependencies = (
				C28DE5032234466E00E28C9F /* PBXTargetDependency */,
			);
			name = ParstagramTests;
			productName = ParstagramTests;
			productReference = C28DE5012234466E00E28C9F /* ParstagramTests.xctest */;
			productType = "com.apple.product-type.bundle.unit-test";
		};
		C28DE50B2234466E00E28C9F /* ParstagramUITests */ = {
			isa = PBXNativeTarget;
			buildConfigurationList = C28DE51B2234466E00E28C9F /* Build configuration list for PBXNativeTarget "ParstagramUITests" */;
			buildPhases = (
				89E303CCCC5C4E37CB258460 /* [CP] Check Pods Manifest.lock */,
				C28DE5082234466E00E28C9F /* Sources */,
				C28DE5092234466E00E28C9F /* Frameworks */,
				C28DE50A2234466E00E28C9F /* Resources */,
			);
			buildRules = (
			);
			dependencies = (
				C28DE50E2234466E00E28C9F /* PBXTargetDependency */,
			);
			name = ParstagramUITests;
			productName = ParstagramUITests;
			productReference = C28DE50C2234466E00E28C9F /* ParstagramUITests.xctest */;
			productType = "com.apple.product-type.bundle.ui-testing";
		};
/* End PBXNativeTarget section */

/* Begin PBXProject section */
		C28DE4E52234466B00E28C9F /* Project object */ = {
			isa = PBXProject;
			attributes = {
				LastSwiftUpdateCheck = 1010;
				LastUpgradeCheck = 1010;
				ORGANIZATIONNAME = "Akarsh Kumar";
				TargetAttributes = {
					C28DE4EC2234466B00E28C9F = {
						CreatedOnToolsVersion = 10.1;
					};
					C28DE5002234466E00E28C9F = {
						CreatedOnToolsVersion = 10.1;
						TestTargetID = C28DE4EC2234466B00E28C9F;
					};
					C28DE50B2234466E00E28C9F = {
						CreatedOnToolsVersion = 10.1;
						TestTargetID = C28DE4EC2234466B00E28C9F;
					};
				};
			};
			buildConfigurationList = C28DE4E82234466B00E28C9F /* Build configuration list for PBXProject "Parstagram" */;
			compatibilityVersion = "Xcode 9.3";
			developmentRegion = en;
			hasScannedForEncodings = 0;
			knownRegions = (
				en,
				Base,
			);
			mainGroup = C28DE4E42234466B00E28C9F;
			productRefGroup = C28DE4EE2234466B00E28C9F /* Products */;
			projectDirPath = "";
			projectRoot = "";
			targets = (
				C28DE4EC2234466B00E28C9F /* Parstagram */,
				C28DE5002234466E00E28C9F /* ParstagramTests */,
				C28DE50B2234466E00E28C9F /* ParstagramUITests */,
			);
		};
/* End PBXProject section */

/* Begin PBXResourcesBuildPhase section */
		C28DE4EB2234466B00E28C9F /* Resources */ = {
			isa = PBXResourcesBuildPhase;
			buildActionMask = 2147483647;
			files = (
				C28DE4FB2234466E00E28C9F /* LaunchScreen.storyboard in Resources */,
				C28DE4F82234466E00E28C9F /* Assets.xcassets in Resources */,
				C28DE4F62234466B00E28C9F /* Main.storyboard in Resources */,
			);
			runOnlyForDeploymentPostprocessing = 0;
		};
		C28DE4FF2234466E00E28C9F /* Resources */ = {
			isa = PBXResourcesBuildPhase;
			buildActionMask = 2147483647;
			files = (
			);
			runOnlyForDeploymentPostprocessing = 0;
		};
		C28DE50A2234466E00E28C9F /* Resources */ = {
			isa = PBXResourcesBuildPhase;
			buildActionMask = 2147483647;
			files = (
			);
			runOnlyForDeploymentPostprocessing = 0;
		};
/* End PBXResourcesBuildPhase section */

/* Begin PBXShellScriptBuildPhase section */
		38EE3F5FAEA1A57D74C3312E /* [CP] Embed Pods Frameworks */ = {
			isa = PBXShellScriptBuildPhase;
			buildActionMask = 2147483647;
			files = (
			);
			inputFileListPaths = (
			);
			inputPaths = (
				"${SRCROOT}/Pods/Target Support Files/Pods-Parstagram/Pods-Parstagram-frameworks.sh",
				"${BUILT_PRODUCTS_DIR}/Alamofire/Alamofire.framework",
				"${BUILT_PRODUCTS_DIR}/AlamofireImage/AlamofireImage.framework",
				"${BUILT_PRODUCTS_DIR}/Bolts/Bolts.framework",
				"${BUILT_PRODUCTS_DIR}/Parse/Parse.framework",
			);
			name = "[CP] Embed Pods Frameworks";
			outputFileListPaths = (
			);
			outputPaths = (
				"${TARGET_BUILD_DIR}/${FRAMEWORKS_FOLDER_PATH}/Alamofire.framework",
				"${TARGET_BUILD_DIR}/${FRAMEWORKS_FOLDER_PATH}/AlamofireImage.framework",
				"${TARGET_BUILD_DIR}/${FRAMEWORKS_FOLDER_PATH}/Bolts.framework",
				"${TARGET_BUILD_DIR}/${FRAMEWORKS_FOLDER_PATH}/Parse.framework",
			);
			runOnlyForDeploymentPostprocessing = 0;
			shellPath = /bin/sh;
			shellScript = "\"${SRCROOT}/Pods/Target Support Files/Pods-Parstagram/Pods-Parstagram-frameworks.sh\"\n";
			showEnvVarsInLog = 0;
		};
		68C6433CEDCFCC739ECF739B /* [CP] Check Pods Manifest.lock */ = {
			isa = PBXShellScriptBuildPhase;
			buildActionMask = 2147483647;
			files = (
			);
			inputFileListPaths = (
			);
			inputPaths = (
				"${PODS_PODFILE_DIR_PATH}/Podfile.lock",
				"${PODS_ROOT}/Manifest.lock",
			);
			name = "[CP] Check Pods Manifest.lock";
			outputFileListPaths = (
			);
			outputPaths = (
				"$(DERIVED_FILE_DIR)/Pods-ParstagramTests-checkManifestLockResult.txt",
			);
			runOnlyForDeploymentPostprocessing = 0;
			shellPath = /bin/sh;
			shellScript = "diff \"${PODS_PODFILE_DIR_PATH}/Podfile.lock\" \"${PODS_ROOT}/Manifest.lock\" > /dev/null\nif [ $? != 0 ] ; then\n    # print error to STDERR\n    echo \"error: The sandbox is not in sync with the Podfile.lock. Run 'pod install' or update your CocoaPods installation.\" >&2\n    exit 1\nfi\n# This output is used by Xcode 'outputs' to avoid re-running this script phase.\necho \"SUCCESS\" > \"${SCRIPT_OUTPUT_FILE_0}\"\n";
			showEnvVarsInLog = 0;
		};
		89E303CCCC5C4E37CB258460 /* [CP] Check Pods Manifest.lock */ = {
			isa = PBXShellScriptBuildPhase;
			buildActionMask = 2147483647;
			files = (
			);
			inputFileListPaths = (
			);
			inputPaths = (
				"${PODS_PODFILE_DIR_PATH}/Podfile.lock",
				"${PODS_ROOT}/Manifest.lock",
			);
			name = "[CP] Check Pods Manifest.lock";
			outputFileListPaths = (
			);
			outputPaths = (
				"$(DERIVED_FILE_DIR)/Pods-ParstagramUITests-checkManifestLockResult.txt",
			);
			runOnlyForDeploymentPostprocessing = 0;
			shellPath = /bin/sh;
			shellScript = "diff \"${PODS_PODFILE_DIR_PATH}/Podfile.lock\" \"${PODS_ROOT}/Manifest.lock\" > /dev/null\nif [ $? != 0 ] ; then\n    # print error to STDERR\n    echo \"error: The sandbox is not in sync with the Podfile.lock. Run 'pod install' or update your CocoaPods installation.\" >&2\n    exit 1\nfi\n# This output is used by Xcode 'outputs' to avoid re-running this script phase.\necho \"SUCCESS\" > \"${SCRIPT_OUTPUT_FILE_0}\"\n";
			showEnvVarsInLog = 0;
		};
		BB341FD304907A961B4FE30C /* [CP] Check Pods Manifest.lock */ = {
			isa = PBXShellScriptBuildPhase;
			buildActionMask = 2147483647;
			files = (
			);
			inputFileListPaths = (
			);
			inputPaths = (
				"${PODS_PODFILE_DIR_PATH}/Podfile.lock",
				"${PODS_ROOT}/Manifest.lock",
			);
			name = "[CP] Check Pods Manifest.lock";
			outputFileListPaths = (
			);
			outputPaths = (
				"$(DERIVED_FILE_DIR)/Pods-Parstagram-checkManifestLockResult.txt",
			);
			runOnlyForDeploymentPostprocessing = 0;
			shellPath = /bin/sh;
			shellScript = "diff \"${PODS_PODFILE_DIR_PATH}/Podfile.lock\" \"${PODS_ROOT}/Manifest.lock\" > /dev/null\nif [ $? != 0 ] ; then\n    # print error to STDERR\n    echo \"error: The sandbox is not in sync with the Podfile.lock. Run 'pod install' or update your CocoaPods installation.\" >&2\n    exit 1\nfi\n# This output is used by Xcode 'outputs' to avoid re-running this script phase.\necho \"SUCCESS\" > \"${SCRIPT_OUTPUT_FILE_0}\"\n";
			showEnvVarsInLog = 0;
		};
/* End PBXShellScriptBuildPhase section */

/* Begin PBXSourcesBuildPhase section */
		C28DE4E92234466B00E28C9F /* Sources */ = {
			isa = PBXSourcesBuildPhase;
			buildActionMask = 2147483647;
			files = (
				C28DE5232234933000E28C9F /* PostViewController.swift in Sources */,
				C28DE51F2234573100E28C9F /* LoginViewController.swift in Sources */,
				C28DE4F12234466B00E28C9F /* AppDelegate.swift in Sources */,
				C28DE5212234573900E28C9F /* HomeFeedViewController.swift in Sources */,
				C28DE5252234AA8D00E28C9F /* PostCell.swift in Sources */,
			);
			runOnlyForDeploymentPostprocessing = 0;
		};
		C28DE4FD2234466E00E28C9F /* Sources */ = {
			isa = PBXSourcesBuildPhase;
			buildActionMask = 2147483647;
			files = (
				C28DE5062234466E00E28C9F /* ParstagramTests.swift in Sources */,
			);
			runOnlyForDeploymentPostprocessing = 0;
		};
		C28DE5082234466E00E28C9F /* Sources */ = {
			isa = PBXSourcesBuildPhase;
			buildActionMask = 2147483647;
			files = (
				C28DE5112234466E00E28C9F /* ParstagramUITests.swift in Sources */,
			);
			runOnlyForDeploymentPostprocessing = 0;
		};
/* End PBXSourcesBuildPhase section */

/* Begin PBXTargetDependency section */
		C28DE5032234466E00E28C9F /* PBXTargetDependency */ = {
			isa = PBXTargetDependency;
			target = C28DE4EC2234466B00E28C9F /* Parstagram */;
			targetProxy = C28DE5022234466E00E28C9F /* PBXContainerItemProxy */;
		};
		C28DE50E2234466E00E28C9F /* PBXTargetDependency */ = {
			isa = PBXTargetDependency;
			target = C28DE4EC2234466B00E28C9F /* Parstagram */;
			targetProxy = C28DE50D2234466E00E28C9F /* PBXContainerItemProxy */;
		};
/* End PBXTargetDependency section */

/* Begin PBXVariantGroup section */
		C28DE4F42234466B00E28C9F /* Main.storyboard */ = {
			isa = PBXVariantGroup;
			children = (
				C28DE4F52234466B00E28C9F /* Base */,
			);
			name = Main.storyboard;
			sourceTree = "<group>";
		};
		C28DE4F92234466E00E28C9F /* LaunchScreen.storyboard */ = {
			isa = PBXVariantGroup;
			children = (
				C28DE4FA2234466E00E28C9F /* Base */,
			);
			name = LaunchScreen.storyboard;
			sourceTree = "<group>";
		};
/* End PBXVariantGroup section */

/* Begin XCBuildConfiguration section */
		C28DE5132234466E00E28C9F /* Debug */ = {
			isa = XCBuildConfiguration;
			buildSettings = {
				ALWAYS_SEARCH_USER_PATHS = NO;
				CLANG_ANALYZER_NONNULL = YES;
				CLANG_ANALYZER_NUMBER_OBJECT_CONVERSION = YES_AGGRESSIVE;
				CLANG_CXX_LANGUAGE_STANDARD = "gnu++14";
				CLANG_CXX_LIBRARY = "libc++";
				CLANG_ENABLE_MODULES = YES;
				CLANG_ENABLE_OBJC_ARC = YES;
				CLANG_ENABLE_OBJC_WEAK = YES;
				CLANG_WARN_BLOCK_CAPTURE_AUTORELEASING = YES;
				CLANG_WARN_BOOL_CONVERSION = YES;
				CLANG_WARN_COMMA = YES;
				CLANG_WARN_CONSTANT_CONVERSION = YES;
				CLANG_WARN_DEPRECATED_OBJC_IMPLEMENTATIONS = YES;
				CLANG_WARN_DIRECT_OBJC_ISA_USAGE = YES_ERROR;
				CLANG_WARN_DOCUMENTATION_COMMENTS = YES;
				CLANG_WARN_EMPTY_BODY = YES;
				CLANG_WARN_ENUM_CONVERSION = YES;
				CLANG_WARN_INFINITE_RECURSION = YES;
				CLANG_WARN_INT_CONVERSION = YES;
				CLANG_WARN_NON_LITERAL_NULL_CONVERSION = YES;
				CLANG_WARN_OBJC_IMPLICIT_RETAIN_SELF = YES;
				CLANG_WARN_OBJC_LITERAL_CONVERSION = YES;
				CLANG_WARN_OBJC_ROOT_CLASS = YES_ERROR;
				CLANG_WARN_RANGE_LOOP_ANALYSIS = YES;
				CLANG_WARN_STRICT_PROTOTYPES = YES;
				CLANG_WARN_SUSPICIOUS_MOVE = YES;
				CLANG_WARN_UNGUARDED_AVAILABILITY = YES_AGGRESSIVE;
				CLANG_WARN_UNREACHABLE_CODE = YES;
				CLANG_WARN__DUPLICATE_METHOD_MATCH = YES;
				CODE_SIGN_IDENTITY = "iPhone Developer";
				COPY_PHASE_STRIP = NO;
				DEBUG_INFORMATION_FORMAT = dwarf;
				ENABLE_STRICT_OBJC_MSGSEND = YES;
				ENABLE_TESTABILITY = YES;
				GCC_C_LANGUAGE_STANDARD = gnu11;
				GCC_DYNAMIC_NO_PIC = NO;
				GCC_NO_COMMON_BLOCKS = YES;
				GCC_OPTIMIZATION_LEVEL = 0;
				GCC_PREPROCESSOR_DEFINITIONS = (
					"DEBUG=1",
					"$(inherited)",
				);
				GCC_WARN_64_TO_32_BIT_CONVERSION = YES;
				GCC_WARN_ABOUT_RETURN_TYPE = YES_ERROR;
				GCC_WARN_UNDECLARED_SELECTOR = YES;
				GCC_WARN_UNINITIALIZED_AUTOS = YES_AGGRESSIVE;
				GCC_WARN_UNUSED_FUNCTION = YES;
				GCC_WARN_UNUSED_VARIABLE = YES;
				IPHONEOS_DEPLOYMENT_TARGET = 12.1;
				MTL_ENABLE_DEBUG_INFO = INCLUDE_SOURCE;
				MTL_FAST_MATH = YES;
				ONLY_ACTIVE_ARCH = YES;
				SDKROOT = iphoneos;
				SWIFT_ACTIVE_COMPILATION_CONDITIONS = DEBUG;
				SWIFT_OPTIMIZATION_LEVEL = "-Onone";
			};
			name = Debug;
		};
		C28DE5142234466E00E28C9F /* Release */ = {
			isa = XCBuildConfiguration;
			buildSettings = {
				ALWAYS_SEARCH_USER_PATHS = NO;
				CLANG_ANALYZER_NONNULL = YES;
				CLANG_ANALYZER_NUMBER_OBJECT_CONVERSION = YES_AGGRESSIVE;
				CLANG_CXX_LANGUAGE_STANDARD = "gnu++14";
				CLANG_CXX_LIBRARY = "libc++";
				CLANG_ENABLE_MODULES = YES;
				CLANG_ENABLE_OBJC_ARC = YES;
				CLANG_ENABLE_OBJC_WEAK = YES;
				CLANG_WARN_BLOCK_CAPTURE_AUTORELEASING = YES;
				CLANG_WARN_BOOL_CONVERSION = YES;
				CLANG_WARN_COMMA = YES;
				CLANG_WARN_CONSTANT_CONVERSION = YES;
				CLANG_WARN_DEPRECATED_OBJC_IMPLEMENTATIONS = YES;
				CLANG_WARN_DIRECT_OBJC_ISA_USAGE = YES_ERROR;
				CLANG_WARN_DOCUMENTATION_COMMENTS = YES;
				CLANG_WARN_EMPTY_BODY = YES;
				CLANG_WARN_ENUM_CONVERSION = YES;
				CLANG_WARN_INFINITE_RECURSION = YES;
				CLANG_WARN_INT_CONVERSION = YES;
				CLANG_WARN_NON_LITERAL_NULL_CONVERSION = YES;
				CLANG_WARN_OBJC_IMPLICIT_RETAIN_SELF = YES;
				CLANG_WARN_OBJC_LITERAL_CONVERSION = YES;
				CLANG_WARN_OBJC_ROOT_CLASS = YES_ERROR;
				CLANG_WARN_RANGE_LOOP_ANALYSIS = YES;
				CLANG_WARN_STRICT_PROTOTYPES = YES;
				CLANG_WARN_SUSPICIOUS_MOVE = YES;
				CLANG_WARN_UNGUARDED_AVAILABILITY = YES_AGGRESSIVE;
				CLANG_WARN_UNREACHABLE_CODE = YES;
				CLANG_WARN__DUPLICATE_METHOD_MATCH = YES;
				CODE_SIGN_IDENTITY = "iPhone Developer";
				COPY_PHASE_STRIP = NO;
				DEBUG_INFORMATION_FORMAT = "dwarf-with-dsym";
				ENABLE_NS_ASSERTIONS = NO;
				ENABLE_STRICT_OBJC_MSGSEND = YES;
				GCC_C_LANGUAGE_STANDARD = gnu11;
				GCC_NO_COMMON_BLOCKS = YES;
				GCC_WARN_64_TO_32_BIT_CONVERSION = YES;
				GCC_WARN_ABOUT_RETURN_TYPE = YES_ERROR;
				GCC_WARN_UNDECLARED_SELECTOR = YES;
				GCC_WARN_UNINITIALIZED_AUTOS = YES_AGGRESSIVE;
				GCC_WARN_UNUSED_FUNCTION = YES;
				GCC_WARN_UNUSED_VARIABLE = YES;
				IPHONEOS_DEPLOYMENT_TARGET = 12.1;
				MTL_ENABLE_DEBUG_INFO = NO;
				MTL_FAST_MATH = YES;
				SDKROOT = iphoneos;
				SWIFT_COMPILATION_MODE = wholemodule;
				SWIFT_OPTIMIZATION_LEVEL = "-O";
				VALIDATE_PRODUCT = YES;
			};
			name = Release;
		};
		C28DE5162234466E00E28C9F /* Debug */ = {
			isa = XCBuildConfiguration;
			baseConfigurationReference = 4D1715EA2DE3FA4A78544704 /* Pods-Parstagram.debug.xcconfig */;
			buildSettings = {
				ASSETCATALOG_COMPILER_APPICON_NAME = AppIcon;
				CODE_SIGN_STYLE = Automatic;
				DEVELOPMENT_TEAM = 3LN5LS5S85;
				INFOPLIST_FILE = Parstagram/Info.plist;
				LD_RUNPATH_SEARCH_PATHS = (
					"$(inherited)",
					"@executable_path/Frameworks",
				);
				PRODUCT_BUNDLE_IDENTIFIER = com.akarshkumar.Parstagram;
				PRODUCT_NAME = "$(TARGET_NAME)";
				SWIFT_VERSION = 4.2;
				TARGETED_DEVICE_FAMILY = "1,2";
			};
			name = Debug;
		};
		C28DE5172234466E00E28C9F /* Release */ = {
			isa = XCBuildConfiguration;
			baseConfigurationReference = EE4A4D5C213BE34C2FC26EB5 /* Pods-Parstagram.release.xcconfig */;
			buildSettings = {
				ASSETCATALOG_COMPILER_APPICON_NAME = AppIcon;
				CODE_SIGN_STYLE = Automatic;
				DEVELOPMENT_TEAM = 3LN5LS5S85;
				INFOPLIST_FILE = Parstagram/Info.plist;
				LD_RUNPATH_SEARCH_PATHS = (
					"$(inherited)",
					"@executable_path/Frameworks",
				);
				PRODUCT_BUNDLE_IDENTIFIER = com.akarshkumar.Parstagram;
				PRODUCT_NAME = "$(TARGET_NAME)";
				SWIFT_VERSION = 4.2;
				TARGETED_DEVICE_FAMILY = "1,2";
			};
			name = Release;
		};
		C28DE5192234466E00E28C9F /* Debug */ = {
			isa = XCBuildConfiguration;
			baseConfigurationReference = 0F691020944819BCF308B0E4 /* Pods-ParstagramTests.debug.xcconfig */;
			buildSettings = {
				ALWAYS_EMBED_SWIFT_STANDARD_LIBRARIES = YES;
				BUNDLE_LOADER = "$(TEST_HOST)";
				CODE_SIGN_STYLE = Automatic;
				DEVELOPMENT_TEAM = 3LN5LS5S85;
				INFOPLIST_FILE = ParstagramTests/Info.plist;
				LD_RUNPATH_SEARCH_PATHS = (
					"$(inherited)",
					"@executable_path/Frameworks",
					"@loader_path/Frameworks",
				);
				PRODUCT_BUNDLE_IDENTIFIER = com.akarshkumar.ParstagramTests;
				PRODUCT_NAME = "$(TARGET_NAME)";
				SWIFT_VERSION = 4.2;
				TARGETED_DEVICE_FAMILY = "1,2";
				TEST_HOST = "$(BUILT_PRODUCTS_DIR)/Parstagram.app/Parstagram";
			};
			name = Debug;
		};
		C28DE51A2234466E00E28C9F /* Release */ = {
			isa = XCBuildConfiguration;
			baseConfigurationReference = 32EB6097497B20872F69EE77 /* Pods-ParstagramTests.release.xcconfig */;
			buildSettings = {
				ALWAYS_EMBED_SWIFT_STANDARD_LIBRARIES = YES;
				BUNDLE_LOADER = "$(TEST_HOST)";
				CODE_SIGN_STYLE = Automatic;
				DEVELOPMENT_TEAM = 3LN5LS5S85;
				INFOPLIST_FILE = ParstagramTests/Info.plist;
				LD_RUNPATH_SEARCH_PATHS = (
					"$(inherited)",
					"@executable_path/Frameworks",
					"@loader_path/Frameworks",
				);
				PRODUCT_BUNDLE_IDENTIFIER = com.akarshkumar.ParstagramTests;
				PRODUCT_NAME = "$(TARGET_NAME)";
				SWIFT_VERSION = 4.2;
				TARGETED_DEVICE_FAMILY = "1,2";
				TEST_HOST = "$(BUILT_PRODUCTS_DIR)/Parstagram.app/Parstagram";
			};
			name = Release;
		};
		C28DE51C2234466E00E28C9F /* Debug */ = {
			isa = XCBuildConfiguration;
			baseConfigurationReference = D7E91B4ADA31CC80C7731566 /* Pods-ParstagramUITests.debug.xcconfig */;
			buildSettings = {
				ALWAYS_EMBED_SWIFT_STANDARD_LIBRARIES = YES;
				CODE_SIGN_STYLE = Automatic;
				DEVELOPMENT_TEAM = 3LN5LS5S85;
				INFOPLIST_FILE = ParstagramUITests/Info.plist;
				LD_RUNPATH_SEARCH_PATHS = (
					"$(inherited)",
					"@executable_path/Frameworks",
					"@loader_path/Frameworks",
				);
				PRODUCT_BUNDLE_IDENTIFIER = com.akarshkumar.ParstagramUITests;
				PRODUCT_NAME = "$(TARGET_NAME)";
				SWIFT_VERSION = 4.2;
				TARGETED_DEVICE_FAMILY = "1,2";
				TEST_TARGET_NAME = Parstagram;
			};
			name = Debug;
		};
		C28DE51D2234466E00E28C9F /* Release */ = {
			isa = XCBuildConfiguration;
			baseConfigurationReference = 64173C7DD1199D72A7B6FCAA /* Pods-ParstagramUITests.release.xcconfig */;
			buildSettings = {
				ALWAYS_EMBED_SWIFT_STANDARD_LIBRARIES = YES;
				CODE_SIGN_STYLE = Automatic;
				DEVELOPMENT_TEAM = 3LN5LS5S85;
				INFOPLIST_FILE = ParstagramUITests/Info.plist;
				LD_RUNPATH_SEARCH_PATHS = (
					"$(inherited)",
					"@executable_path/Frameworks",
					"@loader_path/Frameworks",
				);
				PRODUCT_BUNDLE_IDENTIFIER = com.akarshkumar.ParstagramUITests;
				PRODUCT_NAME = "$(TARGET_NAME)";
				SWIFT_VERSION = 4.2;
				TARGETED_DEVICE_FAMILY = "1,2";
				TEST_TARGET_NAME = Parstagram;
			};
			name = Release;
		};
/* End XCBuildConfiguration section */

/* Begin XCConfigurationList section */
		C28DE4E82234466B00E28C9F /* Build configuration list for PBXProject "Parstagram" */ = {
			isa = XCConfigurationList;
			buildConfigurations = (
				C28DE5132234466E00E28C9F /* Debug */,
				C28DE5142234466E00E28C9F /* Release */,
			);
			defaultConfigurationIsVisible = 0;
			defaultConfigurationName = Release;
		};
		C28DE5152234466E00E28C9F /* Build configuration list for PBXNativeTarget "Parstagram" */ = {
			isa = XCConfigurationList;
			buildConfigurations = (
				C28DE5162234466E00E28C9F /* Debug */,
				C28DE5172234466E00E28C9F /* Release */,
			);
			defaultConfigurationIsVisible = 0;
			defaultConfigurationName = Release;
		};
		C28DE5182234466E00E28C9F /* Build configuration list for PBXNativeTarget "ParstagramTests" */ = {
			isa = XCConfigurationList;
			buildConfigurations = (
				C28DE5192234466E00E28C9F /* Debug */,
				C28DE51A2234466E00E28C9F /* Release */,
			);
			defaultConfigurationIsVisible = 0;
			defaultConfigurationName = Release;
		};
		C28DE51B2234466E00E28C9F /* Build configuration list for PBXNativeTarget "ParstagramUITests" */ = {
			isa = XCConfigurationList;
			buildConfigurations = (
				C28DE51C2234466E00E28C9F /* Debug */,
				C28DE51D2234466E00E28C9F /* Release */,
			);
			defaultConfigurationIsVisible = 0;
			defaultConfigurationName = Release;
		};
/* End XCConfigurationList section */
	};
	rootObject = C28DE4E52234466B00E28C9F /* Project object */;
}
